
Microsoft Visual Studio Solution File, Format Version 12.00
Project("{FAE04EC0-301F-11D3-BF4B-00C04F79EFBC}") = "A Api", "A Api\A Api.csproj", "{49126BC8-FC29-4486-ACA1-A4D4D9438C80}"
EndProject
Project("{FAE04EC0-301F-11D3-BF4B-00C04F79EFBC}") = "B Domain", "B Domain\B Domain.csproj", "{9BB473F6-B3FE-4BFC-A380-ED2D8B6FF90F}"
EndProject
Project("{FAE04EC0-301F-11D3-BF4B-00C04F79EFBC}") = "C Data", "C Data\C Data.csproj", "{66CDB098-0D5A-4EB5-9014-11959E1145BD}"
EndProject
Project("{FAE04EC0-301F-11D3-BF4B-00C04F79EFBC}") = "A Api.UnitTest", "A Api.UnitTest\A Api.UnitTest.csproj", "{4112383C-47A3-450F-8282-1902D7520989}"
EndProject
Project("{FAE04EC0-301F-11D3-BF4B-00C04F79EFBC}") = "B Domain.UnitTest", "B Domain.UnitTest\B Domain.UnitTest.csproj", "{E6A19248-0D1F-4736-827B-689FA4375EC7}"
EndProject
Project("{FAE04EC0-301F-11D3-BF4B-00C04F79EFBC}") = "C Data.UnitTest", "C Data.UnitTest\C Data.UnitTest.csproj", "{685B962C-E43B-494C-96C3-BB727FBB054A}"
EndProject
Project("{FAE04EC0-301F-11D3-BF4B-00C04F79EFBC}") = "D Shared", "D Shared\D Shared.csproj", "{DD5A3E13-CE04-48FA-9713-5E1B58626EED}"
EndProject
Global
	GlobalSection(SolutionConfigurationPlatforms) = preSolution
		Debug|Any CPU = Debug|Any CPU
		Release|Any CPU = Release|Any CPU
	EndGlobalSection
	GlobalSection(ProjectConfigurationPlatforms) = postSolution
		{49126BC8-FC29-4486-ACA1-A4D4D9438C80}.Debug|Any CPU.ActiveCfg = Debug|Any CPU
		{49126BC8-FC29-4486-ACA1-A4D4D9438C80}.Debug|Any CPU.Build.0 = Debug|Any CPU
		{49126BC8-FC29-4486-ACA1-A4D4D9438C80}.Release|Any CPU.ActiveCfg = Release|Any CPU
		{49126BC8-FC29-4486-ACA1-A4D4D9438C80}.Release|Any CPU.Build.0 = Release|Any CPU
		{9BB473F6-B3FE-4BFC-A380-ED2D8B6FF90F}.Debug|Any CPU.ActiveCfg = Debug|Any CPU
		{9BB473F6-B3FE-4BFC-A380-ED2D8B6FF90F}.Debug|Any CPU.Build.0 = Debug|Any CPU
		{9BB473F6-B3FE-4BFC-A380-ED2D8B6FF90F}.Release|Any CPU.ActiveCfg = Release|Any CPU
		{9BB473F6-B3FE-4BFC-A380-ED2D8B6FF90F}.Release|Any CPU.Build.0 = Release|Any CPU
		{66CDB098-0D5A-4EB5-9014-11959E1145BD}.Debug|Any CPU.ActiveCfg = Debug|Any CPU
		{66CDB098-0D5A-4EB5-9014-11959E1145BD}.Debug|Any CPU.Build.0 = Debug|Any CPU
		{66CDB098-0D5A-4EB5-9014-11959E1145BD}.Release|Any CPU.ActiveCfg = Release|Any CPU
		{66CDB098-0D5A-4EB5-9014-11959E1145BD}.Release|Any CPU.Build.0 = Release|Any CPU
		{4112383C-47A3-450F-8282-1902D7520989}.Debug|Any CPU.ActiveCfg = Debug|Any CPU
		{4112383C-47A3-450F-8282-1902D7520989}.Debug|Any CPU.Build.0 = Debug|Any CPU
		{4112383C-47A3-450F-8282-1902D7520989}.Release|Any CPU.ActiveCfg = Release|Any CPU
		{4112383C-47A3-450F-8282-1902D7520989}.Release|Any CPU.Build.0 = Release|Any CPU
		{E6A19248-0D1F-4736-827B-689FA4375EC7}.Debug|Any CPU.ActiveCfg = Debug|Any CPU
		{E6A19248-0D1F-4736-827B-689FA4375EC7}.Debug|Any CPU.Build.0 = Debug|Any CPU
		{E6A19248-0D1F-4736-827B-689FA4375EC7}.Release|Any CPU.ActiveCfg = Release|Any CPU
		{E6A19248-0D1F-4736-827B-689FA4375EC7}.Release|Any CPU.Build.0 = Release|Any CPU
		{685B962C-E43B-494C-96C3-BB727FBB054A}.Debug|Any CPU.ActiveCfg = Debug|Any CPU
		{685B962C-E43B-494C-96C3-BB727FBB054A}.Debug|Any CPU.Build.0 = Debug|Any CPU
		{685B962C-E43B-494C-96C3-BB727FBB054A}.Release|Any CPU.ActiveCfg = Release|Any CPU
		{685B962C-E43B-494C-96C3-BB727FBB054A}.Release|Any CPU.Build.0 = Release|Any CPU
		{DD5A3E13-CE04-48FA-9713-5E1B58626EED}.Debug|Any CPU.ActiveCfg = Debug|Any CPU
		{DD5A3E13-CE04-48FA-9713-5E1B58626EED}.Debug|Any CPU.Build.0 = Debug|Any CPU
		{DD5A3E13-CE04-48FA-9713-5E1B58626EED}.Release|Any CPU.ActiveCfg = Release|Any CPU
		{DD5A3E13-CE04-48FA-9713-5E1B58626EED}.Release|Any CPU.Build.0 = Release|Any CPU
	EndGlobalSection
EndGlobal
